
Microsoft Visual Studio Solution File, Format Version 12.00
# Visual Studio Version 16
VisualStudioVersion = 16.0.32602.291
MinimumVisualStudioVersion = 10.0.40219.1
Project("{9A19103F-16F7-4668-BE54-9A1E7A4F7556}") = "WebApp_IBL_SAC", "WebApp_BotoneraLozanoSAC\WebApp_IBL_SAC.csproj", "{C97ED9E2-1E2F-4405-8780-93DB86AB97B6}"
EndProject
Project("{9A19103F-16F7-4668-BE54-9A1E7A4F7556}") = "WebAPI_IBL_SAC", "WebAPI_IBL_SAC\WebAPI_IBL_SAC.csproj", "{BF493BA9-E74D-44BE-802E-130B9C923A6E}"
EndProject
Global
	GlobalSection(SolutionConfigurationPlatforms) = preSolution
		Debug|Any CPU = Debug|Any CPU
		Release|Any CPU = Release|Any CPU
	EndGlobalSection
	GlobalSection(ProjectConfigurationPlatforms) = postSolution
		{C97ED9E2-1E2F-4405-8780-93DB86AB97B6}.Debug|Any CPU.ActiveCfg = Debug|Any CPU
		{C97ED9E2-1E2F-4405-8780-93DB86AB97B6}.Debug|Any CPU.Build.0 = Debug|Any CPU
		{C97ED9E2-1E2F-4405-8780-93DB86AB97B6}.Release|Any CPU.ActiveCfg = Release|Any CPU
		{C97ED9E2-1E2F-4405-8780-93DB86AB97B6}.Release|Any CPU.Build.0 = Release|Any CPU
		{BF493BA9-E74D-44BE-802E-130B9C923A6E}.Debug|Any CPU.ActiveCfg = Debug|Any CPU
		{BF493BA9-E74D-44BE-802E-130B9C923A6E}.Debug|Any CPU.Build.0 = Debug|Any CPU
		{BF493BA9-E74D-44BE-802E-130B9C923A6E}.Release|Any CPU.ActiveCfg = Release|Any CPU
		{BF493BA9-E74D-44BE-802E-130B9C923A6E}.Release|Any CPU.Build.0 = Release|Any CPU
	EndGlobalSection
	GlobalSection(SolutionProperties) = preSolution
		HideSolutionNode = FALSE
	EndGlobalSection
	GlobalSection(ExtensibilityGlobals) = postSolution
		SolutionGuid = {4D2D5387-9704-45A3-8548-6DF04A0F836B}
	EndGlobalSection
EndGlobal
